
Microsoft Visual Studio Solution File, Format Version 12.00
# Visual Studio 15
VisualStudioVersion = 15.0.28010.2003
MinimumVisualStudioVersion = 10.0.40219.1
Project("{F2A71F9B-5D33-465A-A702-920D77279786}") = "ShapesExercise", "ShapesExercise\ShapesExercise.fsproj", "{731AD232-5B95-4744-B9AD-45A299699256}"
EndProject
Global
	GlobalSection(SolutionConfigurationPlatforms) = preSolution
		Debug|Any CPU = Debug|Any CPU
		Release|Any CPU = Release|Any CPU
	EndGlobalSection
	GlobalSection(ProjectConfigurationPlatforms) = postSolution
		{731AD232-5B95-4744-B9AD-45A299699256}.Debug|Any CPU.ActiveCfg = Debug|Any CPU
		{731AD232-5B95-4744-B9AD-45A299699256}.Debug|Any CPU.Build.0 = Debug|Any CPU
		{731AD232-5B95-4744-B9AD-45A299699256}.Release|Any CPU.ActiveCfg = Release|Any CPU
		{731AD232-5B95-4744-B9AD-45A299699256}.Release|Any CPU.Build.0 = Release|Any CPU
	EndGlobalSection
	GlobalSection(SolutionProperties) = preSolution
		HideSolutionNode = FALSE
	EndGlobalSection
	GlobalSection(ExtensibilityGlobals) = postSolution
		SolutionGuid = {D8EE49EC-0B13-4C55-B0A0-7326A2EFE0FA}
	EndGlobalSection
EndGlobal
