
Microsoft Visual Studio Solution File, Format Version 12.00
# Visual Studio 15
VisualStudioVersion = 15.0.28010.2019
MinimumVisualStudioVersion = 10.0.40219.1
Project("{F2A71F9B-5D33-465A-A702-920D77279786}") = "FSharpOrdinal", "FSharpOrdinal\FSharpOrdinal.fsproj", "{DF9CFCEA-734E-4392-92F5-F4B0857B7E71}"
EndProject
Global
	GlobalSection(SolutionConfigurationPlatforms) = preSolution
		Debug|Any CPU = Debug|Any CPU
		Release|Any CPU = Release|Any CPU
	EndGlobalSection
	GlobalSection(ProjectConfigurationPlatforms) = postSolution
		{DF9CFCEA-734E-4392-92F5-F4B0857B7E71}.Debug|Any CPU.ActiveCfg = Debug|Any CPU
		{DF9CFCEA-734E-4392-92F5-F4B0857B7E71}.Debug|Any CPU.Build.0 = Debug|Any CPU
		{DF9CFCEA-734E-4392-92F5-F4B0857B7E71}.Release|Any CPU.ActiveCfg = Release|Any CPU
		{DF9CFCEA-734E-4392-92F5-F4B0857B7E71}.Release|Any CPU.Build.0 = Release|Any CPU
	EndGlobalSection
	GlobalSection(SolutionProperties) = preSolution
		HideSolutionNode = FALSE
	EndGlobalSection
	GlobalSection(ExtensibilityGlobals) = postSolution
		SolutionGuid = {24D3DBAE-B9C8-45DD-9F19-D8ECE986532C}
	EndGlobalSection
EndGlobal
